// !$*UTF8*$!
{
	archiveVersion = 1;
	classes = {
	};
	objectVersion = 46;
	objects = {

/* Begin PBXBuildFile section */
		EE053DE21F02068C0040FA6F /* RootViewController.swift in Sources */ = {isa = PBXBuildFile; fileRef = EE053DE11F02068C0040FA6F /* RootViewController.swift */; };
		EE178C8D1E5AA074001A433A /* AppDelegate.swift in Sources */ = {isa = PBXBuildFile; fileRef = EE178C8C1E5AA074001A433A /* AppDelegate.swift */; };
		EE178C8F1E5AA074001A433A /* TravelLocationsMapViewController.swift in Sources */ = {isa = PBXBuildFile; fileRef = EE178C8E1E5AA074001A433A /* TravelLocationsMapViewController.swift */; };
		EE178C921E5AA074001A433A /* Main.storyboard in Resources */ = {isa = PBXBuildFile; fileRef = EE178C901E5AA074001A433A /* Main.storyboard */; };
		EE178C941E5AA074001A433A /* Assets.xcassets in Resources */ = {isa = PBXBuildFile; fileRef = EE178C931E5AA074001A433A /* Assets.xcassets */; };
		EE178C971E5AA074001A433A /* LaunchScreen.storyboard in Resources */ = {isa = PBXBuildFile; fileRef = EE178C951E5AA074001A433A /* LaunchScreen.storyboard */; };
		EE178CA21E5AA074001A433A /* VirtualTouristTests.swift in Sources */ = {isa = PBXBuildFile; fileRef = EE178CA11E5AA074001A433A /* VirtualTouristTests.swift */; };
		EE178CAD1E5AA075001A433A /* VirtualTouristUITests.swift in Sources */ = {isa = PBXBuildFile; fileRef = EE178CAC1E5AA075001A433A /* VirtualTouristUITests.swift */; };
		EE1B59FB1F09FA2F00A8E473 /* DownloadPhoto.swift in Sources */ = {isa = PBXBuildFile; fileRef = EE1B59FA1F09FA2F00A8E473 /* DownloadPhoto.swift */; };
		EE3F72F91EF688BB00AD3969 /* Error_+Flickr.swift in Sources */ = {isa = PBXBuildFile; fileRef = EE3F72F81EF688BB00AD3969 /* Error_+Flickr.swift */; };
		EE3F730B1EF6AC0200AD3969 /* Dictionary+Ease.swift in Sources */ = {isa = PBXBuildFile; fileRef = EE3F72FF1EF6AC0200AD3969 /* Dictionary+Ease.swift */; };
		EE3F731F1EF75DF600AD3969 /* Basic+Random.swift in Sources */ = {isa = PBXBuildFile; fileRef = EE3F73151EF75DF500AD3969 /* Basic+Random.swift */; };
		EE3F73221EF75DF600AD3969 /* Default+Random.swift in Sources */ = {isa = PBXBuildFile; fileRef = EE3F73191EF75DF500AD3969 /* Default+Random.swift */; };
		EE3F73231EF75DF600AD3969 /* Error_+Random.swift in Sources */ = {isa = PBXBuildFile; fileRef = EE3F731A1EF75DF600AD3969 /* Error_+Random.swift */; };
		EE3F732A1EF7AC0700AD3969 /* Model.xcdatamodeld in Sources */ = {isa = PBXBuildFile; fileRef = EE3F73271EF7A94000AD3969 /* Model.xcdatamodeld */; };
		EE3F732E1EF82A0E00AD3969 /* CoreDataManager.swift in Sources */ = {isa = PBXBuildFile; fileRef = EE3F732D1EF82A0E00AD3969 /* CoreDataManager.swift */; };
		EE79C4D51EEABA120016E915 /* Alamofire.framework in Frameworks */ = {isa = PBXBuildFile; fileRef = EE79C4D31EEABA120016E915 /* Alamofire.framework */; };
		EE79C4D61EEABA120016E915 /* SwiftyJSON.framework in Frameworks */ = {isa = PBXBuildFile; fileRef = EE79C4D41EEABA120016E915 /* SwiftyJSON.framework */; };
		EE79C4E51EEBB2A00016E915 /* Default+Flickr.swift in Sources */ = {isa = PBXBuildFile; fileRef = EE79C4E01EEBB2A00016E915 /* Default+Flickr.swift */; };
		EE79C4E61EEBB2A00016E915 /* SimpleAPI.swift in Sources */ = {isa = PBXBuildFile; fileRef = EE79C4E11EEBB2A00016E915 /* SimpleAPI.swift */; };
		EE79C4E71EEBB2A00016E915 /* Default.swift in Sources */ = {isa = PBXBuildFile; fileRef = EE79C4E31EEBB2A00016E915 /* Default.swift */; };
		EE79C4E81EEBB2A00016E915 /* Error_.swift in Sources */ = {isa = PBXBuildFile; fileRef = EE79C4E41EEBB2A00016E915 /* Error_.swift */; };
		EE79C4EA1EEBB4890016E915 /* Flickr.swift in Sources */ = {isa = PBXBuildFile; fileRef = EE79C4E91EEBB4890016E915 /* Flickr.swift */; };
		EE8CA3951F0FABA2009E5CEA /* HeaderCollectionReusableView.swift in Sources */ = {isa = PBXBuildFile; fileRef = EE8CA3941F0FABA2009E5CEA /* HeaderCollectionReusableView.swift */; };
		EE8CA3971F0FAC46009E5CEA /* AlbumViewCell.swift in Sources */ = {isa = PBXBuildFile; fileRef = EE8CA3961F0FAC46009E5CEA /* AlbumViewCell.swift */; };
		EEB6DA3A1F056C0D00E83612 /* GetPhotoURLsForPin.swift in Sources */ = {isa = PBXBuildFile; fileRef = EEB6DA391F056C0D00E83612 /* GetPhotoURLsForPin.swift */; };
		EEB6DA3C1F05E84800E83612 /* Pin+Ease.swift in Sources */ = {isa = PBXBuildFile; fileRef = EEB6DA3B1F05E84800E83612 /* Pin+Ease.swift */; };
		EEB6DA401F07645400E83612 /* Photo+Ease.swift in Sources */ = {isa = PBXBuildFile; fileRef = EEB6DA3F1F07645400E83612 /* Photo+Ease.swift */; };
		EEBB6F341EF90BA200561363 /* FileManager+Ease.swift in Sources */ = {isa = PBXBuildFile; fileRef = EEBB6F331EF90BA200561363 /* FileManager+Ease.swift */; };
		EEBB6F361EF92DBA00561363 /* Default+App.swift in Sources */ = {isa = PBXBuildFile; fileRef = EEBB6F351EF92DBA00561363 /* Default+App.swift */; };
		EEBB6F381EFA1EA700561363 /* NSManagedContext+Ease.swift in Sources */ = {isa = PBXBuildFile; fileRef = EEBB6F371EFA1EA700561363 /* NSManagedContext+Ease.swift */; };
		EEF32FCC1F0DCD8F001E00E8 /* AsynchronousOperation.swift in Sources */ = {isa = PBXBuildFile; fileRef = EEF32FCB1F0DCD8F001E00E8 /* AsynchronousOperation.swift */; };
		EEF32FD21F0EA617001E00E8 /* PinAnnotation.swift in Sources */ = {isa = PBXBuildFile; fileRef = EEF32FD11F0EA617001E00E8 /* PinAnnotation.swift */; };
		EEF32FD41F0F8941001E00E8 /* AlbumViewController.swift in Sources */ = {isa = PBXBuildFile; fileRef = EEF32FD31F0F8941001E00E8 /* AlbumViewController.swift */; };
/* End PBXBuildFile section */

/* Begin PBXContainerItemProxy section */
		EE178C9E1E5AA074001A433A /* PBXContainerItemProxy */ = {
			isa = PBXContainerItemProxy;
			containerPortal = EE178C811E5AA074001A433A /* Project object */;
			proxyType = 1;
			remoteGlobalIDString = EE178C881E5AA074001A433A;
			remoteInfo = VirtualTourist;
		};
		EE178CA91E5AA075001A433A /* PBXContainerItemProxy */ = {
			isa = PBXContainerItemProxy;
			containerPortal = EE178C811E5AA074001A433A /* Project object */;
			proxyType = 1;
			remoteGlobalIDString = EE178C881E5AA074001A433A;
			remoteInfo = VirtualTourist;
		};
/* End PBXContainerItemProxy section */

/* Begin PBXFileReference section */
		EE053DE11F02068C0040FA6F /* RootViewController.swift */ = {isa = PBXFileReference; fileEncoding = 4; lastKnownFileType = sourcecode.swift; path = RootViewController.swift; sourceTree = "<group>"; };
		EE178C891E5AA074001A433A /* VirtualTourist.app */ = {isa = PBXFileReference; explicitFileType = wrapper.application; includeInIndex = 0; path = VirtualTourist.app; sourceTree = BUILT_PRODUCTS_DIR; };
		EE178C8C1E5AA074001A433A /* AppDelegate.swift */ = {isa = PBXFileReference; lastKnownFileType = sourcecode.swift; path = AppDelegate.swift; sourceTree = "<group>"; };
		EE178C8E1E5AA074001A433A /* TravelLocationsMapViewController.swift */ = {isa = PBXFileReference; lastKnownFileType = sourcecode.swift; path = TravelLocationsMapViewController.swift; sourceTree = "<group>"; };
		EE178C911E5AA074001A433A /* Base */ = {isa = PBXFileReference; lastKnownFileType = file.storyboard; name = Base; path = Base.lproj/Main.storyboard; sourceTree = "<group>"; };
		EE178C931E5AA074001A433A /* Assets.xcassets */ = {isa = PBXFileReference; lastKnownFileType = folder.assetcatalog; path = Assets.xcassets; sourceTree = "<group>"; };
		EE178C961E5AA074001A433A /* Base */ = {isa = PBXFileReference; lastKnownFileType = file.storyboard; name = Base; path = Base.lproj/LaunchScreen.storyboard; sourceTree = "<group>"; };
		EE178C981E5AA074001A433A /* Info.plist */ = {isa = PBXFileReference; lastKnownFileType = text.plist.xml; path = Info.plist; sourceTree = "<group>"; };
		EE178C9D1E5AA074001A433A /* VirtualTouristTests.xctest */ = {isa = PBXFileReference; explicitFileType = wrapper.cfbundle; includeInIndex = 0; path = VirtualTouristTests.xctest; sourceTree = BUILT_PRODUCTS_DIR; };
		EE178CA11E5AA074001A433A /* VirtualTouristTests.swift */ = {isa = PBXFileReference; lastKnownFileType = sourcecode.swift; path = VirtualTouristTests.swift; sourceTree = "<group>"; };
		EE178CA31E5AA074001A433A /* Info.plist */ = {isa = PBXFileReference; lastKnownFileType = text.plist.xml; path = Info.plist; sourceTree = "<group>"; };
		EE178CA81E5AA075001A433A /* VirtualTouristUITests.xctest */ = {isa = PBXFileReference; explicitFileType = wrapper.cfbundle; includeInIndex = 0; path = VirtualTouristUITests.xctest; sourceTree = BUILT_PRODUCTS_DIR; };
		EE178CAC1E5AA075001A433A /* VirtualTouristUITests.swift */ = {isa = PBXFileReference; lastKnownFileType = sourcecode.swift; path = VirtualTouristUITests.swift; sourceTree = "<group>"; };
		EE178CAE1E5AA075001A433A /* Info.plist */ = {isa = PBXFileReference; lastKnownFileType = text.plist.xml; path = Info.plist; sourceTree = "<group>"; };
		EE1B59FA1F09FA2F00A8E473 /* DownloadPhoto.swift */ = {isa = PBXFileReference; fileEncoding = 4; lastKnownFileType = sourcecode.swift; path = DownloadPhoto.swift; sourceTree = "<group>"; };
		EE3F72F81EF688BB00AD3969 /* Error_+Flickr.swift */ = {isa = PBXFileReference; fileEncoding = 4; lastKnownFileType = sourcecode.swift; path = "Error_+Flickr.swift"; sourceTree = "<group>"; };
		EE3F72FF1EF6AC0200AD3969 /* Dictionary+Ease.swift */ = {isa = PBXFileReference; fileEncoding = 4; lastKnownFileType = sourcecode.swift; path = "Dictionary+Ease.swift"; sourceTree = "<group>"; };
		EE3F73151EF75DF500AD3969 /* Basic+Random.swift */ = {isa = PBXFileReference; fileEncoding = 4; lastKnownFileType = sourcecode.swift; path = "Basic+Random.swift"; sourceTree = "<group>"; };
		EE3F73191EF75DF500AD3969 /* Default+Random.swift */ = {isa = PBXFileReference; fileEncoding = 4; lastKnownFileType = sourcecode.swift; path = "Default+Random.swift"; sourceTree = "<group>"; };
		EE3F731A1EF75DF600AD3969 /* Error_+Random.swift */ = {isa = PBXFileReference; fileEncoding = 4; lastKnownFileType = sourcecode.swift; path = "Error_+Random.swift"; sourceTree = "<group>"; };
		EE3F73281EF7A94000AD3969 /* Model.xcdatamodel */ = {isa = PBXFileReference; lastKnownFileType = wrapper.xcdatamodel; path = Model.xcdatamodel; sourceTree = "<group>"; };
		EE3F732D1EF82A0E00AD3969 /* CoreDataManager.swift */ = {isa = PBXFileReference; fileEncoding = 4; lastKnownFileType = sourcecode.swift; path = CoreDataManager.swift; sourceTree = "<group>"; };
		EE79C4D31EEABA120016E915 /* Alamofire.framework */ = {isa = PBXFileReference; lastKnownFileType = wrapper.framework; name = Alamofire.framework; path = Carthage/Build/iOS/Alamofire.framework; sourceTree = "<group>"; };
		EE79C4D41EEABA120016E915 /* SwiftyJSON.framework */ = {isa = PBXFileReference; lastKnownFileType = wrapper.framework; name = SwiftyJSON.framework; path = Carthage/Build/iOS/SwiftyJSON.framework; sourceTree = "<group>"; };
		EE79C4E01EEBB2A00016E915 /* Default+Flickr.swift */ = {isa = PBXFileReference; fileEncoding = 4; lastKnownFileType = sourcecode.swift; path = "Default+Flickr.swift"; sourceTree = "<group>"; };
		EE79C4E11EEBB2A00016E915 /* SimpleAPI.swift */ = {isa = PBXFileReference; fileEncoding = 4; lastKnownFileType = sourcecode.swift; path = SimpleAPI.swift; sourceTree = "<group>"; };
		EE79C4E31EEBB2A00016E915 /* Default.swift */ = {isa = PBXFileReference; fileEncoding = 4; lastKnownFileType = sourcecode.swift; path = Default.swift; sourceTree = "<group>"; };
		EE79C4E41EEBB2A00016E915 /* Error_.swift */ = {isa = PBXFileReference; fileEncoding = 4; lastKnownFileType = sourcecode.swift; path = Error_.swift; sourceTree = "<group>"; };
		EE79C4E91EEBB4890016E915 /* Flickr.swift */ = {isa = PBXFileReference; fileEncoding = 4; lastKnownFileType = sourcecode.swift; path = Flickr.swift; sourceTree = "<group>"; };
		EE8CA3941F0FABA2009E5CEA /* HeaderCollectionReusableView.swift */ = {isa = PBXFileReference; fileEncoding = 4; lastKnownFileType = sourcecode.swift; path = HeaderCollectionReusableView.swift; sourceTree = "<group>"; };
		EE8CA3961F0FAC46009E5CEA /* AlbumViewCell.swift */ = {isa = PBXFileReference; fileEncoding = 4; lastKnownFileType = sourcecode.swift; path = AlbumViewCell.swift; sourceTree = "<group>"; };
		EEB6DA391F056C0D00E83612 /* GetPhotoURLsForPin.swift */ = {isa = PBXFileReference; fileEncoding = 4; lastKnownFileType = sourcecode.swift; path = GetPhotoURLsForPin.swift; sourceTree = "<group>"; };
		EEB6DA3B1F05E84800E83612 /* Pin+Ease.swift */ = {isa = PBXFileReference; fileEncoding = 4; lastKnownFileType = sourcecode.swift; path = "Pin+Ease.swift"; sourceTree = "<group>"; };
		EEB6DA3F1F07645400E83612 /* Photo+Ease.swift */ = {isa = PBXFileReference; fileEncoding = 4; lastKnownFileType = sourcecode.swift; path = "Photo+Ease.swift"; sourceTree = "<group>"; };
		EEBB6F331EF90BA200561363 /* FileManager+Ease.swift */ = {isa = PBXFileReference; fileEncoding = 4; lastKnownFileType = sourcecode.swift; path = "FileManager+Ease.swift"; sourceTree = "<group>"; };
		EEBB6F351EF92DBA00561363 /* Default+App.swift */ = {isa = PBXFileReference; fileEncoding = 4; lastKnownFileType = sourcecode.swift; path = "Default+App.swift"; sourceTree = "<group>"; };
		EEBB6F371EFA1EA700561363 /* NSManagedContext+Ease.swift */ = {isa = PBXFileReference; fileEncoding = 4; lastKnownFileType = sourcecode.swift; path = "NSManagedContext+Ease.swift"; sourceTree = "<group>"; };
		EEF32FCB1F0DCD8F001E00E8 /* AsynchronousOperation.swift */ = {isa = PBXFileReference; fileEncoding = 4; lastKnownFileType = sourcecode.swift; path = AsynchronousOperation.swift; sourceTree = "<group>"; };
		EEF32FD11F0EA617001E00E8 /* PinAnnotation.swift */ = {isa = PBXFileReference; fileEncoding = 4; lastKnownFileType = sourcecode.swift; path = PinAnnotation.swift; sourceTree = "<group>"; };
		EEF32FD31F0F8941001E00E8 /* AlbumViewController.swift */ = {isa = PBXFileReference; fileEncoding = 4; lastKnownFileType = sourcecode.swift; path = AlbumViewController.swift; sourceTree = "<group>"; };
/* End PBXFileReference section */

/* Begin PBXFrameworksBuildPhase section */
		EE178C861E5AA074001A433A /* Frameworks */ = {
			isa = PBXFrameworksBuildPhase;
			buildActionMask = 2147483647;
			files = (
				EE79C4D51EEABA120016E915 /* Alamofire.framework in Frameworks */,
				EE79C4D61EEABA120016E915 /* SwiftyJSON.framework in Frameworks */,
			);
			runOnlyForDeploymentPostprocessing = 0;
		};
		EE178C9A1E5AA074001A433A /* Frameworks */ = {
			isa = PBXFrameworksBuildPhase;
			buildActionMask = 2147483647;
			files = (
			);
			runOnlyForDeploymentPostprocessing = 0;
		};
		EE178CA51E5AA075001A433A /* Frameworks */ = {
			isa = PBXFrameworksBuildPhase;
			buildActionMask = 2147483647;
			files = (
			);
			runOnlyForDeploymentPostprocessing = 0;
		};
/* End PBXFrameworksBuildPhase section */

/* Begin PBXGroup section */
		EE0BDB6C1E5AF1D600EAD974 /* Frameworks */ = {
			isa = PBXGroup;
			children = (
				EE79C4D31EEABA120016E915 /* Alamofire.framework */,
				EE79C4D41EEABA120016E915 /* SwiftyJSON.framework */,
			);
			name = Frameworks;
			sourceTree = "<group>";
		};
		EE178C801E5AA074001A433A = {
			isa = PBXGroup;
			children = (
				EE79C4DC1EEBAFEC0016E915 /* Reusable */,
				EE178C8B1E5AA074001A433A /* VirtualTourist */,
				EE178CA01E5AA074001A433A /* VirtualTouristTests */,
				EE178CAB1E5AA075001A433A /* VirtualTouristUITests */,
				EE178C8A1E5AA074001A433A /* Products */,
				EE0BDB6C1E5AF1D600EAD974 /* Frameworks */,
			);
			sourceTree = "<group>";
		};
		EE178C8A1E5AA074001A433A /* Products */ = {
			isa = PBXGroup;
			children = (
				EE178C891E5AA074001A433A /* VirtualTourist.app */,
				EE178C9D1E5AA074001A433A /* VirtualTouristTests.xctest */,
				EE178CA81E5AA075001A433A /* VirtualTouristUITests.xctest */,
			);
			name = Products;
			sourceTree = "<group>";
		};
		EE178C8B1E5AA074001A433A /* VirtualTourist */ = {
			isa = PBXGroup;
			children = (
				EEBB6F351EF92DBA00561363 /* Default+App.swift */,
				EE79C4D81EEBAF3D0016E915 /* Model */,
				EE79C4D91EEBAF6E0016E915 /* View */,
				EE79C4DA1EEBAF730016E915 /* Controller */,
				EE178C8C1E5AA074001A433A /* AppDelegate.swift */,
				EE79C4DD1EEBB0AC0016E915 /* Assets */,
				EE178C981E5AA074001A433A /* Info.plist */,
			);
			path = VirtualTourist;
			sourceTree = "<group>";
		};
		EE178CA01E5AA074001A433A /* VirtualTouristTests */ = {
			isa = PBXGroup;
			children = (
				EE178CA11E5AA074001A433A /* VirtualTouristTests.swift */,
				EE178CA31E5AA074001A433A /* Info.plist */,
			);
			path = VirtualTouristTests;
			sourceTree = "<group>";
		};
		EE178CAB1E5AA075001A433A /* VirtualTouristUITests */ = {
			isa = PBXGroup;
			children = (
				EE178CAC1E5AA075001A433A /* VirtualTouristUITests.swift */,
				EE178CAE1E5AA075001A433A /* Info.plist */,
			);
			path = VirtualTouristUITests;
			sourceTree = "<group>";
		};
		EE3F72FA1EF6AC0200AD3969 /* EaseExtensions */ = {
			isa = PBXGroup;
			children = (
				EE3F72FF1EF6AC0200AD3969 /* Dictionary+Ease.swift */,
				EEBB6F331EF90BA200561363 /* FileManager+Ease.swift */,
				EEBB6F371EFA1EA700561363 /* NSManagedContext+Ease.swift */,
			);
			path = EaseExtensions;
			sourceTree = "<group>";
		};
		EE3F73131EF75DF500AD3969 /* Random */ = {
			isa = PBXGroup;
			children = (
				EE3F73181EF75DF500AD3969 /* MustImport */,
				EE3F73151EF75DF500AD3969 /* Basic+Random.swift */,
			);
			path = Random;
			sourceTree = "<group>";
		};
		EE3F73181EF75DF500AD3969 /* MustImport */ = {
			isa = PBXGroup;
			children = (
				EE3F73191EF75DF500AD3969 /* Default+Random.swift */,
				EE3F731A1EF75DF600AD3969 /* Error_+Random.swift */,
			);
			path = MustImport;
			sourceTree = "<group>";
		};
		EE3F732B1EF7ACD400AD3969 /* CoreData */ = {
			isa = PBXGroup;
			children = (
				EE3F732C1EF7ACE500AD3969 /* Stack */,
			);
			path = CoreData;
			sourceTree = "<group>";
		};
		EE3F732C1EF7ACE500AD3969 /* Stack */ = {
			isa = PBXGroup;
			children = (
				EE3F732D1EF82A0E00AD3969 /* CoreDataManager.swift */,
			);
			path = Stack;
			sourceTree = "<group>";
		};
		EE79C4D81EEBAF3D0016E915 /* Model */ = {
			isa = PBXGroup;
			children = (
				EE3F73271EF7A94000AD3969 /* Model.xcdatamodeld */,
				EEB6DA3E1F06C09100E83612 /* Entities */,
				EEB6DA3D1F06C08400E83612 /* Operations */,
				EEF32FD11F0EA617001E00E8 /* PinAnnotation.swift */,
			);
			path = Model;
			sourceTree = "<group>";
		};
		EE79C4D91EEBAF6E0016E915 /* View */ = {
			isa = PBXGroup;
			children = (
				EE79C4DB1EEBAFA90016E915 /* Artkit */,
				EE8CA3941F0FABA2009E5CEA /* HeaderCollectionReusableView.swift */,
				EE8CA3961F0FAC46009E5CEA /* AlbumViewCell.swift */,
			);
			path = View;
			sourceTree = "<group>";
		};
		EE79C4DA1EEBAF730016E915 /* Controller */ = {
			isa = PBXGroup;
			children = (
				EE053DE11F02068C0040FA6F /* RootViewController.swift */,
				EE178C8E1E5AA074001A433A /* TravelLocationsMapViewController.swift */,
				EEF32FD31F0F8941001E00E8 /* AlbumViewController.swift */,
			);
			path = Controller;
			sourceTree = "<group>";
		};
		EE79C4DB1EEBAFA90016E915 /* Artkit */ = {
			isa = PBXGroup;
			children = (
			);
			path = Artkit;
			sourceTree = "<group>";
		};
		EE79C4DC1EEBAFEC0016E915 /* Reusable */ = {
			isa = PBXGroup;
			children = (
				EE79C4E21EEBB2A00016E915 /* MustImport */,
				EE79C4DE1EEBB2A00016E915 /* API */,
				EE3F732B1EF7ACD400AD3969 /* CoreData */,
				EE3F72FA1EF6AC0200AD3969 /* EaseExtensions */,
				EEF32FCA1F0DCD26001E00E8 /* Performance */,
				EE3F73131EF75DF500AD3969 /* Random */,
			);
			path = Reusable;
			sourceTree = "<group>";
		};
		EE79C4DD1EEBB0AC0016E915 /* Assets */ = {
			isa = PBXGroup;
			children = (
				EE178C901E5AA074001A433A /* Main.storyboard */,
				EE178C931E5AA074001A433A /* Assets.xcassets */,
				EE178C951E5AA074001A433A /* LaunchScreen.storyboard */,
			);
			name = Assets;
			sourceTree = "<group>";
		};
		EE79C4DE1EEBB2A00016E915 /* API */ = {
			isa = PBXGroup;
			children = (
				EE79C4E11EEBB2A00016E915 /* SimpleAPI.swift */,
				EE79C4DF1EEBB2A00016E915 /* Flickr */,
			);
			path = API;
			sourceTree = "<group>";
		};
		EE79C4DF1EEBB2A00016E915 /* Flickr */ = {
			isa = PBXGroup;
			children = (
				EE79C4E01EEBB2A00016E915 /* Default+Flickr.swift */,
				EE3F72F81EF688BB00AD3969 /* Error_+Flickr.swift */,
				EE79C4E91EEBB4890016E915 /* Flickr.swift */,
			);
			path = Flickr;
			sourceTree = "<group>";
		};
		EE79C4E21EEBB2A00016E915 /* MustImport */ = {
			isa = PBXGroup;
			children = (
				EE79C4E31EEBB2A00016E915 /* Default.swift */,
				EE79C4E41EEBB2A00016E915 /* Error_.swift */,
			);
			path = MustImport;
			sourceTree = "<group>";
		};
		EEB6DA3D1F06C08400E83612 /* Operations */ = {
			isa = PBXGroup;
			children = (
				EEB6DA391F056C0D00E83612 /* GetPhotoURLsForPin.swift */,
				EE1B59FA1F09FA2F00A8E473 /* DownloadPhoto.swift */,
			);
			path = Operations;
			sourceTree = "<group>";
		};
		EEB6DA3E1F06C09100E83612 /* Entities */ = {
			isa = PBXGroup;
			children = (
				EEB6DA3B1F05E84800E83612 /* Pin+Ease.swift */,
				EEB6DA3F1F07645400E83612 /* Photo+Ease.swift */,
			);
			path = Entities;
			sourceTree = "<group>";
		};
		EEF32FCA1F0DCD26001E00E8 /* Performance */ = {
			isa = PBXGroup;
			children = (
				EEF32FCB1F0DCD8F001E00E8 /* AsynchronousOperation.swift */,
			);
			path = Performance;
			sourceTree = "<group>";
		};
/* End PBXGroup section */

/* Begin PBXNativeTarget section */
		EE178C881E5AA074001A433A /* VirtualTourist */ = {
			isa = PBXNativeTarget;
			buildConfigurationList = EE178CB11E5AA075001A433A /* Build configuration list for PBXNativeTarget "VirtualTourist" */;
			buildPhases = (
				EE178C851E5AA074001A433A /* Sources */,
				EE178C861E5AA074001A433A /* Frameworks */,
				EE178C871E5AA074001A433A /* Resources */,
				EE79C4D71EEABA740016E915 /* ShellScript */,
			);
			buildRules = (
			);
			dependencies = (
			);
			name = VirtualTourist;
			productName = VirtualTourist;
			productReference = EE178C891E5AA074001A433A /* VirtualTourist.app */;
			productType = "com.apple.product-type.application";
		};
		EE178C9C1E5AA074001A433A /* VirtualTouristTests */ = {
			isa = PBXNativeTarget;
			buildConfigurationList = EE178CB41E5AA075001A433A /* Build configuration list for PBXNativeTarget "VirtualTouristTests" */;
			buildPhases = (
				EE178C991E5AA074001A433A /* Sources */,
				EE178C9A1E5AA074001A433A /* Frameworks */,
				EE178C9B1E5AA074001A433A /* Resources */,
			);
			buildRules = (
			);
			dependencies = (
				EE178C9F1E5AA074001A433A /* PBXTargetDependency */,
			);
			name = VirtualTouristTests;
			productName = VirtualTouristTests;
			productReference = EE178C9D1E5AA074001A433A /* VirtualTouristTests.xctest */;
			productType = "com.apple.product-type.bundle.unit-test";
		};
		EE178CA71E5AA075001A433A /* VirtualTouristUITests */ = {
			isa = PBXNativeTarget;
			buildConfigurationList = EE178CB71E5AA075001A433A /* Build configuration list for PBXNativeTarget "VirtualTouristUITests" */;
			buildPhases = (
				EE178CA41E5AA075001A433A /* Sources */,
				EE178CA51E5AA075001A433A /* Frameworks */,
				EE178CA61E5AA075001A433A /* Resources */,
			);
			buildRules = (
			);
			dependencies = (
				EE178CAA1E5AA075001A433A /* PBXTargetDependency */,
			);
			name = VirtualTouristUITests;
			productName = VirtualTouristUITests;
			productReference = EE178CA81E5AA075001A433A /* VirtualTouristUITests.xctest */;
			productType = "com.apple.product-type.bundle.ui-testing";
		};
/* End PBXNativeTarget section */

/* Begin PBXProject section */
		EE178C811E5AA074001A433A /* Project object */ = {
			isa = PBXProject;
			attributes = {
				LastSwiftUpdateCheck = 0820;
				LastUpgradeCheck = 0820;
				ORGANIZATIONNAME = "Shobhit Gupta";
				TargetAttributes = {
					EE178C881E5AA074001A433A = {
						CreatedOnToolsVersion = 8.2.1;
						DevelopmentTeam = AR27PDZ76S;
						ProvisioningStyle = Automatic;
					};
					EE178C9C1E5AA074001A433A = {
						CreatedOnToolsVersion = 8.2.1;
						DevelopmentTeam = AR27PDZ76S;
						ProvisioningStyle = Automatic;
						TestTargetID = EE178C881E5AA074001A433A;
					};
					EE178CA71E5AA075001A433A = {
						CreatedOnToolsVersion = 8.2.1;
						DevelopmentTeam = AR27PDZ76S;
						ProvisioningStyle = Automatic;
						TestTargetID = EE178C881E5AA074001A433A;
					};
				};
			};
			buildConfigurationList = EE178C841E5AA074001A433A /* Build configuration list for PBXProject "VirtualTourist" */;
			compatibilityVersion = "Xcode 3.2";
			developmentRegion = English;
			hasScannedForEncodings = 0;
			knownRegions = (
				en,
				Base,
			);
			mainGroup = EE178C801E5AA074001A433A;
			productRefGroup = EE178C8A1E5AA074001A433A /* Products */;
			projectDirPath = "";
			projectRoot = "";
			targets = (
				EE178C881E5AA074001A433A /* VirtualTourist */,
				EE178C9C1E5AA074001A433A /* VirtualTouristTests */,
				EE178CA71E5AA075001A433A /* VirtualTouristUITests */,
			);
		};
/* End PBXProject section */

/* Begin PBXResourcesBuildPhase section */
		EE178C871E5AA074001A433A /* Resources */ = {
			isa = PBXResourcesBuildPhase;
			buildActionMask = 2147483647;
			files = (
				EE178C971E5AA074001A433A /* LaunchScreen.storyboard in Resources */,
				EE178C941E5AA074001A433A /* Assets.xcassets in Resources */,
				EE178C921E5AA074001A433A /* Main.storyboard in Resources */,
			);
			runOnlyForDeploymentPostprocessing = 0;
		};
		EE178C9B1E5AA074001A433A /* Resources */ = {
			isa = PBXResourcesBuildPhase;
			buildActionMask = 2147483647;
			files = (
			);
			runOnlyForDeploymentPostprocessing = 0;
		};
		EE178CA61E5AA075001A433A /* Resources */ = {
			isa = PBXResourcesBuildPhase;
			buildActionMask = 2147483647;
			files = (
			);
			runOnlyForDeploymentPostprocessing = 0;
		};
/* End PBXResourcesBuildPhase section */

/* Begin PBXShellScriptBuildPhase section */
		EE79C4D71EEABA740016E915 /* ShellScript */ = {
			isa = PBXShellScriptBuildPhase;
			buildActionMask = 2147483647;
			files = (
			);
			inputPaths = (
				"$(SRCROOT)/Carthage/Build/iOS/Alamofire.framework",
				"$(SRCROOT)/Carthage/Build/iOS/SwiftyJSON.framework",
			);
			outputPaths = (
			);
			runOnlyForDeploymentPostprocessing = 0;
			shellPath = /bin/sh;
			shellScript = "/usr/local/bin/carthage copy-frameworks";
		};
/* End PBXShellScriptBuildPhase section */

/* Begin PBXSourcesBuildPhase section */
		EE178C851E5AA074001A433A /* Sources */ = {
			isa = PBXSourcesBuildPhase;
			buildActionMask = 2147483647;
			files = (
				EE79C4E71EEBB2A00016E915 /* Default.swift in Sources */,
				EE3F73231EF75DF600AD3969 /* Error_+Random.swift in Sources */,
				EE053DE21F02068C0040FA6F /* RootViewController.swift in Sources */,
				EE79C4E81EEBB2A00016E915 /* Error_.swift in Sources */,
				EE3F73221EF75DF600AD3969 /* Default+Random.swift in Sources */,
				EEBB6F341EF90BA200561363 /* FileManager+Ease.swift in Sources */,
				EEF32FD41F0F8941001E00E8 /* AlbumViewController.swift in Sources */,
				EE79C4E51EEBB2A00016E915 /* Default+Flickr.swift in Sources */,
				EEB6DA401F07645400E83612 /* Photo+Ease.swift in Sources */,
				EE3F72F91EF688BB00AD3969 /* Error_+Flickr.swift in Sources */,
				EEB6DA3A1F056C0D00E83612 /* GetPhotoURLsForPin.swift in Sources */,
				EE3F731F1EF75DF600AD3969 /* Basic+Random.swift in Sources */,
				EEF32FCC1F0DCD8F001E00E8 /* AsynchronousOperation.swift in Sources */,
				EE79C4E61EEBB2A00016E915 /* SimpleAPI.swift in Sources */,
				EE3F732E1EF82A0E00AD3969 /* CoreDataManager.swift in Sources */,
				EE3F730B1EF6AC0200AD3969 /* Dictionary+Ease.swift in Sources */,
				EEB6DA3C1F05E84800E83612 /* Pin+Ease.swift in Sources */,
				EE8CA3971F0FAC46009E5CEA /* AlbumViewCell.swift in Sources */,
				EE79C4EA1EEBB4890016E915 /* Flickr.swift in Sources */,
				EE8CA3951F0FABA2009E5CEA /* HeaderCollectionReusableView.swift in Sources */,
				EEF32FD21F0EA617001E00E8 /* PinAnnotation.swift in Sources */,
				EEBB6F381EFA1EA700561363 /* NSManagedContext+Ease.swift in Sources */,
				EE178C8F1E5AA074001A433A /* TravelLocationsMapViewController.swift in Sources */,
				EEBB6F361EF92DBA00561363 /* Default+App.swift in Sources */,
				EE3F732A1EF7AC0700AD3969 /* Model.xcdatamodeld in Sources */,
				EE1B59FB1F09FA2F00A8E473 /* DownloadPhoto.swift in Sources */,
				EE178C8D1E5AA074001A433A /* AppDelegate.swift in Sources */,
			);
			runOnlyForDeploymentPostprocessing = 0;
		};
		EE178C991E5AA074001A433A /* Sources */ = {
			isa = PBXSourcesBuildPhase;
			buildActionMask = 2147483647;
			files = (
				EE178CA21E5AA074001A433A /* VirtualTouristTests.swift in Sources */,
			);
			runOnlyForDeploymentPostprocessing = 0;
		};
		EE178CA41E5AA075001A433A /* Sources */ = {
			isa = PBXSourcesBuildPhase;
			buildActionMask = 2147483647;
			files = (
				EE178CAD1E5AA075001A433A /* VirtualTouristUITests.swift in Sources */,
			);
			runOnlyForDeploymentPostprocessing = 0;
		};
/* End PBXSourcesBuildPhase section */

/* Begin PBXTargetDependency section */
		EE178C9F1E5AA074001A433A /* PBXTargetDependency */ = {
			isa = PBXTargetDependency;
			target = EE178C881E5AA074001A433A /* VirtualTourist */;
			targetProxy = EE178C9E1E5AA074001A433A /* PBXContainerItemProxy */;
		};
		EE178CAA1E5AA075001A433A /* PBXTargetDependency */ = {
			isa = PBXTargetDependency;
			target = EE178C881E5AA074001A433A /* VirtualTourist */;
			targetProxy = EE178CA91E5AA075001A433A /* PBXContainerItemProxy */;
		};
/* End PBXTargetDependency section */

/* Begin PBXVariantGroup section */
		EE178C901E5AA074001A433A /* Main.storyboard */ = {
			isa = PBXVariantGroup;
			children = (
				EE178C911E5AA074001A433A /* Base */,
			);
			name = Main.storyboard;
			sourceTree = "<group>";
		};
		EE178C951E5AA074001A433A /* LaunchScreen.storyboard */ = {
			isa = PBXVariantGroup;
			children = (
				EE178C961E5AA074001A433A /* Base */,
			);
			name = LaunchScreen.storyboard;
			sourceTree = "<group>";
		};
/* End PBXVariantGroup section */

/* Begin XCBuildConfiguration section */
		EE178CAF1E5AA075001A433A /* Debug */ = {
			isa = XCBuildConfiguration;
			buildSettings = {
				ALWAYS_SEARCH_USER_PATHS = NO;
				CLANG_ANALYZER_NONNULL = YES;
				CLANG_CXX_LANGUAGE_STANDARD = "gnu++0x";
				CLANG_CXX_LIBRARY = "libc++";
				CLANG_ENABLE_MODULES = YES;
				CLANG_ENABLE_OBJC_ARC = YES;
				CLANG_WARN_BOOL_CONVERSION = YES;
				CLANG_WARN_CONSTANT_CONVERSION = YES;
				CLANG_WARN_DIRECT_OBJC_ISA_USAGE = YES_ERROR;
				CLANG_WARN_DOCUMENTATION_COMMENTS = YES;
				CLANG_WARN_EMPTY_BODY = YES;
				CLANG_WARN_ENUM_CONVERSION = YES;
				CLANG_WARN_INFINITE_RECURSION = YES;
				CLANG_WARN_INT_CONVERSION = YES;
				CLANG_WARN_OBJC_ROOT_CLASS = YES_ERROR;
				CLANG_WARN_SUSPICIOUS_MOVE = YES;
				CLANG_WARN_UNREACHABLE_CODE = YES;
				CLANG_WARN__DUPLICATE_METHOD_MATCH = YES;
				"CODE_SIGN_IDENTITY[sdk=iphoneos*]" = "iPhone Developer";
				COPY_PHASE_STRIP = NO;
				DEBUG_INFORMATION_FORMAT = dwarf;
				ENABLE_STRICT_OBJC_MSGSEND = YES;
				ENABLE_TESTABILITY = YES;
				GCC_C_LANGUAGE_STANDARD = gnu99;
				GCC_DYNAMIC_NO_PIC = NO;
				GCC_NO_COMMON_BLOCKS = YES;
				GCC_OPTIMIZATION_LEVEL = 0;
				GCC_PREPROCESSOR_DEFINITIONS = (
					"DEBUG=1",
					"$(inherited)",
				);
				GCC_WARN_64_TO_32_BIT_CONVERSION = YES;
				GCC_WARN_ABOUT_RETURN_TYPE = YES_ERROR;
				GCC_WARN_UNDECLARED_SELECTOR = YES;
				GCC_WARN_UNINITIALIZED_AUTOS = YES_AGGRESSIVE;
				GCC_WARN_UNUSED_FUNCTION = YES;
				GCC_WARN_UNUSED_VARIABLE = YES;
				IPHONEOS_DEPLOYMENT_TARGET = 10.2;
				MTL_ENABLE_DEBUG_INFO = YES;
				ONLY_ACTIVE_ARCH = YES;
				SDKROOT = iphoneos;
				SWIFT_ACTIVE_COMPILATION_CONDITIONS = DEBUG;
				SWIFT_OPTIMIZATION_LEVEL = "-Onone";
				TARGETED_DEVICE_FAMILY = "1,2";
			};
			name = Debug;
		};
		EE178CB01E5AA075001A433A /* Release */ = {
			isa = XCBuildConfiguration;
			buildSettings = {
				ALWAYS_SEARCH_USER_PATHS = NO;
				CLANG_ANALYZER_NONNULL = YES;
				CLANG_CXX_LANGUAGE_STANDARD = "gnu++0x";
				CLANG_CXX_LIBRARY = "libc++";
				CLANG_ENABLE_MODULES = YES;
				CLANG_ENABLE_OBJC_ARC = YES;
				CLANG_WARN_BOOL_CONVERSION = YES;
				CLANG_WARN_CONSTANT_CONVERSION = YES;
				CLANG_WARN_DIRECT_OBJC_ISA_USAGE = YES_ERROR;
				CLANG_WARN_DOCUMENTATION_COMMENTS = YES;
				CLANG_WARN_EMPTY_BODY = YES;
				CLANG_WARN_ENUM_CONVERSION = YES;
				CLANG_WARN_INFINITE_RECURSION = YES;
				CLANG_WARN_INT_CONVERSION = YES;
				CLANG_WARN_OBJC_ROOT_CLASS = YES_ERROR;
				CLANG_WARN_SUSPICIOUS_MOVE = YES;
				CLANG_WARN_UNREACHABLE_CODE = YES;
				CLANG_WARN__DUPLICATE_METHOD_MATCH = YES;
				"CODE_SIGN_IDENTITY[sdk=iphoneos*]" = "iPhone Developer";
				COPY_PHASE_STRIP = NO;
				DEBUG_INFORMATION_FORMAT = "dwarf-with-dsym";
				ENABLE_NS_ASSERTIONS = NO;
				ENABLE_STRICT_OBJC_MSGSEND = YES;
				GCC_C_LANGUAGE_STANDARD = gnu99;
				GCC_NO_COMMON_BLOCKS = YES;
				GCC_WARN_64_TO_32_BIT_CONVERSION = YES;
				GCC_WARN_ABOUT_RETURN_TYPE = YES_ERROR;
				GCC_WARN_UNDECLARED_SELECTOR = YES;
				GCC_WARN_UNINITIALIZED_AUTOS = YES_AGGRESSIVE;
				GCC_WARN_UNUSED_FUNCTION = YES;
				GCC_WARN_UNUSED_VARIABLE = YES;
				IPHONEOS_DEPLOYMENT_TARGET = 10.2;
				MTL_ENABLE_DEBUG_INFO = NO;
				SDKROOT = iphoneos;
				SWIFT_OPTIMIZATION_LEVEL = "-Owholemodule";
				TARGETED_DEVICE_FAMILY = "1,2";
				VALIDATE_PRODUCT = YES;
			};
			name = Release;
		};
		EE178CB21E5AA075001A433A /* Debug */ = {
			isa = XCBuildConfiguration;
			buildSettings = {
				ASSETCATALOG_COMPILER_APPICON_NAME = AppIcon;
				DEVELOPMENT_TEAM = AR27PDZ76S;
				FRAMEWORK_SEARCH_PATHS = (
					"$(inherited)",
					"$(PROJECT_DIR)/Carthage/Build/iOS",
				);
				INFOPLIST_FILE = VirtualTourist/Info.plist;
				LD_RUNPATH_SEARCH_PATHS = "$(inherited) @executable_path/Frameworks";
				PRODUCT_BUNDLE_IDENTIFIER = com.from101.VirtualTourist;
				PRODUCT_NAME = "$(TARGET_NAME)";
				SWIFT_VERSION = 3.0;
			};
			name = Debug;
		};
		EE178CB31E5AA075001A433A /* Release */ = {
			isa = XCBuildConfiguration;
			buildSettings = {
				ASSETCATALOG_COMPILER_APPICON_NAME = AppIcon;
				DEVELOPMENT_TEAM = AR27PDZ76S;
				FRAMEWORK_SEARCH_PATHS = (
					"$(inherited)",
					"$(PROJECT_DIR)/Carthage/Build/iOS",
				);
				INFOPLIST_FILE = VirtualTourist/Info.plist;
				LD_RUNPATH_SEARCH_PATHS = "$(inherited) @executable_path/Frameworks";
				PRODUCT_BUNDLE_IDENTIFIER = com.from101.VirtualTourist;
				PRODUCT_NAME = "$(TARGET_NAME)";
				SWIFT_VERSION = 3.0;
			};
			name = Release;
		};
		EE178CB51E5AA075001A433A /* Debug */ = {
			isa = XCBuildConfiguration;
			buildSettings = {
				ALWAYS_EMBED_SWIFT_STANDARD_LIBRARIES = YES;
				BUNDLE_LOADER = "$(TEST_HOST)";
				DEVELOPMENT_TEAM = AR27PDZ76S;
				INFOPLIST_FILE = VirtualTouristTests/Info.plist;
				LD_RUNPATH_SEARCH_PATHS = "$(inherited) @executable_path/Frameworks @loader_path/Frameworks";
				PRODUCT_BUNDLE_IDENTIFIER = com.from101.VirtualTouristTests;
				PRODUCT_NAME = "$(TARGET_NAME)";
				SWIFT_VERSION = 3.0;
				TEST_HOST = "$(BUILT_PRODUCTS_DIR)/VirtualTourist.app/VirtualTourist";
			};
			name = Debug;
		};
		EE178CB61E5AA075001A433A /* Release */ = {
			isa = XCBuildConfiguration;
			buildSettings = {
				ALWAYS_EMBED_SWIFT_STANDARD_LIBRARIES = YES;
				BUNDLE_LOADER = "$(TEST_HOST)";
				DEVELOPMENT_TEAM = AR27PDZ76S;
				INFOPLIST_FILE = VirtualTouristTests/Info.plist;
				LD_RUNPATH_SEARCH_PATHS = "$(inherited) @executable_path/Frameworks @loader_path/Frameworks";
				PRODUCT_BUNDLE_IDENTIFIER = com.from101.VirtualTouristTests;
				PRODUCT_NAME = "$(TARGET_NAME)";
				SWIFT_VERSION = 3.0;
				TEST_HOST = "$(BUILT_PRODUCTS_DIR)/VirtualTourist.app/VirtualTourist";
			};
			name = Release;
		};
		EE178CB81E5AA075001A433A /* Debug */ = {
			isa = XCBuildConfiguration;
			buildSettings = {
				ALWAYS_EMBED_SWIFT_STANDARD_LIBRARIES = YES;
				DEVELOPMENT_TEAM = AR27PDZ76S;
				INFOPLIST_FILE = VirtualTouristUITests/Info.plist;
				LD_RUNPATH_SEARCH_PATHS = "$(inherited) @executable_path/Frameworks @loader_path/Frameworks";
				PRODUCT_BUNDLE_IDENTIFIER = com.from101.VirtualTouristUITests;
				PRODUCT_NAME = "$(TARGET_NAME)";
				SWIFT_VERSION = 3.0;
				TEST_TARGET_NAME = VirtualTourist;
			};
			name = Debug;
		};
		EE178CB91E5AA075001A433A /* Release */ = {
			isa = XCBuildConfiguration;
			buildSettings = {
				ALWAYS_EMBED_SWIFT_STANDARD_LIBRARIES = YES;
				DEVELOPMENT_TEAM = AR27PDZ76S;
				INFOPLIST_FILE = VirtualTouristUITests/Info.plist;
				LD_RUNPATH_SEARCH_PATHS = "$(inherited) @executable_path/Frameworks @loader_path/Frameworks";
				PRODUCT_BUNDLE_IDENTIFIER = com.from101.VirtualTouristUITests;
				PRODUCT_NAME = "$(TARGET_NAME)";
				SWIFT_VERSION = 3.0;
				TEST_TARGET_NAME = VirtualTourist;
			};
			name = Release;
		};
/* End XCBuildConfiguration section */

/* Begin XCConfigurationList section */
		EE178C841E5AA074001A433A /* Build configuration list for PBXProject "VirtualTourist" */ = {
			isa = XCConfigurationList;
			buildConfigurations = (
				EE178CAF1E5AA075001A433A /* Debug */,
				EE178CB01E5AA075001A433A /* Release */,
			);
			defaultConfigurationIsVisible = 0;
			defaultConfigurationName = Release;
		};
		EE178CB11E5AA075001A433A /* Build configuration list for PBXNativeTarget "VirtualTourist" */ = {
			isa = XCConfigurationList;
			buildConfigurations = (
				EE178CB21E5AA075001A433A /* Debug */,
				EE178CB31E5AA075001A433A /* Release */,
			);
			defaultConfigurationIsVisible = 0;
			defaultConfigurationName = Release;
		};
		EE178CB41E5AA075001A433A /* Build configuration list for PBXNativeTarget "VirtualTouristTests" */ = {
			isa = XCConfigurationList;
			buildConfigurations = (
				EE178CB51E5AA075001A433A /* Debug */,
				EE178CB61E5AA075001A433A /* Release */,
			);
			defaultConfigurationIsVisible = 0;
			defaultConfigurationName = Release;
		};
		EE178CB71E5AA075001A433A /* Build configuration list for PBXNativeTarget "VirtualTouristUITests" */ = {
			isa = XCConfigurationList;
			buildConfigurations = (
				EE178CB81E5AA075001A433A /* Debug */,
				EE178CB91E5AA075001A433A /* Release */,
			);
			defaultConfigurationIsVisible = 0;
			defaultConfigurationName = Release;
		};
/* End XCConfigurationList section */

/* Begin XCVersionGroup section */
		EE3F73271EF7A94000AD3969 /* Model.xcdatamodeld */ = {
			isa = XCVersionGroup;
			children = (
				EE3F73281EF7A94000AD3969 /* Model.xcdatamodel */,
			);
			currentVersion = EE3F73281EF7A94000AD3969 /* Model.xcdatamodel */;
			path = Model.xcdatamodeld;
			sourceTree = "<group>";
			versionGroupType = wrapper.xcdatamodel;
		};
/* End XCVersionGroup section */
	};
	rootObject = EE178C811E5AA074001A433A /* Project object */;
}
